<Solution>
  <Folder Name="/BuildingBlocks/">
    <Project Path="BuildingBlocks/BuildingBlocks/BuildingBlocks.csproj" Id="e32a4a85-4a0f-4314-b2f4-39720bb0ff1c" />
  </Folder>
  <Folder Name="/Services/" />
  <Folder Name="/Services/Catalog/">
    <Project Path="Services/Catalog/Catalog.API/Catalog.API.csproj" Id="122949e1-9718-40b4-b11a-ed182e0c4a03" />
  </Folder>
</Solution>
